
Microsoft Visual Studio Solution File, Format Version 12.00
# Visual Studio Version 17
VisualStudioVersion = 17.9.34728.123
MinimumVisualStudioVersion = 10.0.40219.1
Project("{9A19103F-16F7-4668-BE54-9A1E7A4F7556}") = "CarManagement", "CarManagement.csproj", "{C952FE6B-03EA-472F-BDE2-148EC473B2CC}"
EndProject
Global
	GlobalSection(SolutionConfigurationPlatforms) = preSolution
		Debug|Any CPU = Debug|Any CPU
		Release|Any CPU = Release|Any CPU
	EndGlobalSection
	GlobalSection(ProjectConfigurationPlatforms) = postSolution
		{C952FE6B-03EA-472F-BDE2-148EC473B2CC}.Debug|Any CPU.ActiveCfg = Debug|Any CPU
		{C952FE6B-03EA-472F-BDE2-148EC473B2CC}.Debug|Any CPU.Build.0 = Debug|Any CPU
		{C952FE6B-03EA-472F-BDE2-148EC473B2CC}.Release|Any CPU.ActiveCfg = Release|Any CPU
		{C952FE6B-03EA-472F-BDE2-148EC473B2CC}.Release|Any CPU.Build.0 = Release|Any CPU
	EndGlobalSection
	GlobalSection(SolutionProperties) = preSolution
		HideSolutionNode = FALSE
	EndGlobalSection
	GlobalSection(ExtensibilityGlobals) = postSolution
		SolutionGuid = {5E1325F9-4E0E-4319-B160-4A3B301164FB}
	EndGlobalSection
EndGlobal
